
Microsoft Visual Studio Solution File, Format Version 12.00
# Visual Studio Version 17
VisualStudioVersion = 17.9.34728.123
MinimumVisualStudioVersion = 10.0.40219.1
Project("{FAE04EC0-301F-11D3-BF4B-00C04F79EFBC}") = "OopThirdPart", "OopThirdPart\OopThirdPart.csproj", "{395734B3-3013-44E1-9E70-CAC104A86D64}"
EndProject
Global
	GlobalSection(SolutionConfigurationPlatforms) = preSolution
		Debug|Any CPU = Debug|Any CPU
		Release|Any CPU = Release|Any CPU
	EndGlobalSection
	GlobalSection(ProjectConfigurationPlatforms) = postSolution
		{395734B3-3013-44E1-9E70-CAC104A86D64}.Debug|Any CPU.ActiveCfg = Debug|Any CPU
		{395734B3-3013-44E1-9E70-CAC104A86D64}.Debug|Any CPU.Build.0 = Debug|Any CPU
		{395734B3-3013-44E1-9E70-CAC104A86D64}.Release|Any CPU.ActiveCfg = Release|Any CPU
		{395734B3-3013-44E1-9E70-CAC104A86D64}.Release|Any CPU.Build.0 = Release|Any CPU
	EndGlobalSection
	GlobalSection(SolutionProperties) = preSolution
		HideSolutionNode = FALSE
	EndGlobalSection
	GlobalSection(ExtensibilityGlobals) = postSolution
		SolutionGuid = {9C09B69E-7880-4616-A129-BD4762AEE7F3}
	EndGlobalSection
EndGlobal
